{
  "name": "hive-router-poc-subgraphs",
  "version": "1.0.0",
  "lockfileVersion": 3,
  "requires": true,
  "packages": {
    "": {
      "name": "hive-router-poc-subgraphs",
      "version": "1.0.0",
      "dependencies": {
        "@apollo/subgraph": "^2.15.1",
        "@envelop/response-cache-redis": "^4.5.1",
        "@graphql-yoga/plugin-response-cache": "^3.26.1",
        "graphql": "^16.12.0",
        "graphql-tag": "^2.12.6",
        "graphql-yoga": "^5.24.1",
        "ioredis": "^5.9.0"
      }
    },
    "node_modules/@apollo/cache-control-types": {
      "version": "1.0.3",
      "resolved": "https://registry.npmjs.org/@apollo/cache-control-types/-/cache-control-types-1.0.3.tgz",
      "integrity": "sha512-F17/vCp7QVwom9eG7ToauIKdAxpSoadsJnqIfyryLFSkLSOEqu+eC5Z3N8OXcUVStuOMcNHlyraRsA6rRICu4g==",
      "license": "MIT",
      "peerDependencies": {
        "graphql": "14.x || 15.x || 16.x"
      }
    },
    "node_modules/@apollo/subgraph": {
      "version": "2.15.1",
      "resolved": "https://registry.npmjs.org/@apollo/subgraph/-/subgraph-2.15.1.tgz",
      "integrity": "sha512-y9G5Mw5Pn/kW7u4IoyrmdFfDUe1A7s4vXYKvsqlXLO1xSYRANmVnHTRY90qGqR5Vohe79BZ/lMWDDXGsiiX+AQ==",
      "license": "MIT",
      "workspaces": [
        ".",
        "compatibility"
      ],
      "dependencies": {
        "@apollo/cache-control-types": "^1.0.3",
        "@graphql-tools/utils": "^12.0.0"
      },
      "engines": {
        "node": ">=22.0.0"
      },
      "peerDependencies": {
        "graphql": "^16.11.0"
      }
    },
    "node_modules/@envelop/core": {
      "version": "5.6.1",
      "resolved": "https://registry.npmjs.org/@envelop/core/-/core-5.6.1.tgz",
      "integrity": "sha512-KEbJ7yrAA+W7IY9MZzpZJ77w/72ndaV/16+hhPapd+0Ohjqffl0mmF3QWy62/m3nRP4qidD+1eiEjJhS/O38Tg==",
      "license": "MIT",
      "dependencies": {
        "@envelop/instrumentation": "^1.0.1",
        "@envelop/types": "^5.2.2",
        "@whatwg-node/promise-helpers": "^1.2.4",
        "tslib": "^2.5.0"
      },
      "engines": {
        "node": ">=18.0.0"
      }
    },
    "node_modules/@envelop/instrumentation": {
      "version": "1.0.1",
      "resolved": "https://registry.npmjs.org/@envelop/instrumentation/-/instrumentation-1.0.1.tgz",
      "integrity": "sha512-FuexE2qd3Yc1Kh1DjTliwGxb9kyyv4ySBNnfJOxnQasVmGdcqX6AkkO5sIMxLWFRftp8PErOcIn2dQW/1RwytQ==",
      "license": "MIT",
      "dependencies": {
        "@whatwg-node/promise-helpers": "^1.2.1",
        "tslib": "^2.5.0"
      },
      "engines": {
        "node": ">=18.0.0"
      }
    },
    "node_modules/@envelop/response-cache": {
      "version": "9.3.1",
      "resolved": "https://registry.npmjs.org/@envelop/response-cache/-/response-cache-9.3.1.tgz",
      "integrity": "sha512-tzIUPetmqCtciR3wTYajZKir3EzpUISa9PZIrLpEG7ncfFw3HNgU87Snnew3OUs7Hl9vYWDDmZeyK2kRUaBLyA==",
      "license": "MIT",
      "dependencies": {
        "@graphql-tools/utils": "^11.2.0",
        "@whatwg-node/fetch": "^0.10.0",
        "@whatwg-node/promise-helpers": "^1.2.4",
        "fast-json-stable-stringify": "^2.1.0",
        "lru-cache": "^11.0.0",
        "tslib": "^2.5.0"
      },
      "engines": {
        "node": ">=18.0.0"
      },
      "peerDependencies": {
        "@envelop/core": "^5.6.1",
        "graphql": "^14.0.0 || ^15.0.0 || ^16.0.0 || ^17.0.0"
      }
    },
    "node_modules/@envelop/response-cache-redis": {
      "version": "4.5.1",
      "resolved": "https://registry.npmjs.org/@envelop/response-cache-redis/-/response-cache-redis-4.5.1.tgz",
      "integrity": "sha512-JFgylK4+c9PhtLtUwr+wQ1ZI7SOAHXUWQrbOSj30upkBZEUiX49/0IYpvLFrtaGkvC3NGnsKp2yG+Z2fW+Ua+w==",
      "license": "MIT",
      "dependencies": {
        "@envelop/response-cache": "^9.3.1",
        "@whatwg-node/promise-helpers": "^1.2.4",
        "ioredis": "^5.4.2",
        "tslib": "^2.5.0"
      },
      "engines": {
        "node": ">=18.0.0"
      }
    },
    "node_modules/@envelop/response-cache/node_modules/@graphql-tools/utils": {
      "version": "11.2.2",
      "resolved": "https://registry.npmjs.org/@graphql-tools/utils/-/utils-11.2.2.tgz",
      "integrity": "sha512-Do2A/t6ayqOma8m7PvpYMsCBswL+NB35BQSng4GWSBqafL2/BnfAZy/NSENPwV721Rm2fG0BHETFC0+FJJZmLw==",
      "license": "MIT",
      "dependencies": {
        "@graphql-typed-document-node/core": "^3.1.1",
        "@whatwg-node/promise-helpers": "^1.0.0",
        "cross-inspect": "1.0.1",
        "tslib": "^2.4.0"
      },
      "engines": {
        "node": ">=16.0.0"
      },
      "peerDependencies": {
        "graphql": "^14.0.0 || ^15.0.0 || ^16.0.0 || ^17.0.0"
      }
    },
    "node_modules/@envelop/types": {
      "version": "5.2.2",
      "resolved": "https://registry.npmjs.org/@envelop/types/-/types-5.2.2.tgz",
      "integrity": "sha512-nl9cmUh8F+2/NNzpcLjzNqtaVn0m8XSzzxrPU2ByHhlz4Hqlc5QBfRsemZkoJMKrMviJXyJYdKZiUP1o70F3Kw==",
      "license": "MIT",
      "dependencies": {
        "@whatwg-node/promise-helpers": "^1.0.0",
        "tslib": "^2.5.0"
      },
      "engines": {
        "node": ">=18.0.0"
      }
    },
    "node_modules/@fastify/busboy": {
      "version": "3.2.2",
      "resolved": "https://registry.npmjs.org/@fastify/busboy/-/busboy-3.2.2.tgz",
      "integrity": "sha512-yXSS27qPExaXeuLvMRMXOLtpipzfQYNjG3FkunDWKGfMYjKuhFXko9CVzqxm8jcF+lmtS9Fd89QNdh9XDjnbNg==",
      "license": "MIT"
    },
    "node_modules/@graphql-tools/executor": {
      "version": "2.0.3",
      "resolved": "https://registry.npmjs.org/@graphql-tools/executor/-/executor-2.0.3.tgz",
      "integrity": "sha512-0qUCtalTDdanDuvW4EiHnNMct8QHYKTuGjI2lXU388LrpoV+5tlqp/xPqdYbrDtl3OBpZHToOEBcQunWz1UDig==",
      "license": "MIT",
      "dependencies": {
        "@graphql-tools/utils": "^12.0.3",
        "@graphql-typed-document-node/core": "^3.2.0",
        "@repeaterjs/repeater": "^3.1.0",
        "@whatwg-node/disposablestack": "^0.1.0",
        "@whatwg-node/promise-helpers": "^2.0.0",
        "tslib": "^2.4.0"
      },
      "engines": {
        "node": ">=16.0.0"
      },
      "peerDependencies": {
        "graphql": "^14.0.0 || ^15.0.0 || ^16.0.0 || ^17.0.0"
      }
    },
    "node_modules/@graphql-tools/executor/node_modules/@whatwg-node/disposablestack": {
      "version": "0.1.0",
      "resolved": "https://registry.npmjs.org/@whatwg-node/disposablestack/-/disposablestack-0.1.0.tgz",
      "integrity": "sha512-ok0A9+D+mdeb3w1GNCpVr+2gVVLRWKo9Ywm/whNsoWSNfNg3jNxS0/wUF6NSUYbfOtFGu2wZgJnLjasbaQEfvA==",
      "license": "MIT",
      "dependencies": {
        "@whatwg-node/promise-helpers": "^2.0.0",
        "tslib": "^2.6.3"
      },
      "engines": {
        "node": ">=22.15.0"
      }
    },
    "node_modules/@graphql-tools/executor/node_modules/@whatwg-node/promise-helpers": {
      "version": "2.0.0",
      "resolved": "https://registry.npmjs.org/@whatwg-node/promise-helpers/-/promise-helpers-2.0.0.tgz",
      "integrity": "sha512-/i9CS0Z96o+cPwaYoAyVxAThDiUX1wV3tDmNWPJbn+vtdR+JftuCDg1NGCXBrzIYVDGkJ8uT6ctwmrBOUzOpKQ==",
      "license": "MIT",
      "dependencies": {
        "tslib": "^2.6.3"
      },
      "engines": {
        "node": ">=22.15.0"
      }
    },
    "node_modules/@graphql-tools/merge": {
      "version": "9.2.6",
      "resolved": "https://registry.npmjs.org/@graphql-tools/merge/-/merge-9.2.6.tgz",
      "integrity": "sha512-M7iI/qoCnks6iITkimtdZgI2SrWOInr+QRWuhEsInaumzQGPd0pnWbRAVTRVcFN2Gu9hM2aS5kYzASC93d9epw==",
      "license": "MIT",
      "dependencies": {
        "@graphql-tools/utils": "^12.0.3",
        "tslib": "^2.4.0"
      },
      "engines": {
        "node": ">=16.0.0"
      },
      "peerDependencies": {
        "graphql": "^14.0.0 || ^15.0.0 || ^16.0.0 || ^17.0.0"
      }
    },
    "node_modules/@graphql-tools/schema": {
      "version": "10.1.3",
      "resolved": "https://registry.npmjs.org/@graphql-tools/schema/-/schema-10.1.3.tgz",
      "integrity": "sha512-N1ZpzguxzqTy5fpurqWQ5BXyjirlrtvVLeSafsu+SCDNjDeRnVxf9n5PVbdgzwFPAmP/7NK9sq9UB/kyR8oFiw==",
      "license": "MIT",
      "dependencies": {
        "@graphql-tools/merge": "^9.2.6",
        "@graphql-tools/utils": "^12.0.3",
        "tslib": "^2.4.0"
      },
      "engines": {
        "node": ">=16.0.0"
      },
      "peerDependencies": {
        "graphql": "^14.0.0 || ^15.0.0 || ^16.0.0 || ^17.0.0"
      }
    },
    "node_modules/@graphql-tools/utils": {
      "version": "12.0.3",
      "resolved": "https://registry.npmjs.org/@graphql-tools/utils/-/utils-12.0.3.tgz",
      "integrity": "sha512-M+04bHvI1SKoug7W2EkwfKjig2mdtgIIlFY8p2jLHmxPNVs5bC/3R+58JrD+7ZXWgPILWTwuqJ9AqTjPlahroA==",
      "license": "MIT",
      "dependencies": {
        "@graphql-typed-document-node/core": "^3.1.1",
        "@whatwg-node/promise-helpers": "^2.0.0",
        "cross-inspect": "1.0.1",
        "tslib": "^2.4.0"
      },
      "engines": {
        "node": ">=16.0.0"
      },
      "peerDependencies": {
        "graphql": "^14.0.0 || ^15.0.0 || ^16.0.0 || ^17.0.0"
      }
    },
    "node_modules/@graphql-tools/utils/node_modules/@whatwg-node/promise-helpers": {
      "version": "2.0.0",
      "resolved": "https://registry.npmjs.org/@whatwg-node/promise-helpers/-/promise-helpers-2.0.0.tgz",
      "integrity": "sha512-/i9CS0Z96o+cPwaYoAyVxAThDiUX1wV3tDmNWPJbn+vtdR+JftuCDg1NGCXBrzIYVDGkJ8uT6ctwmrBOUzOpKQ==",
      "license": "MIT",
      "dependencies": {
        "tslib": "^2.6.3"
      },
      "engines": {
        "node": ">=22.15.0"
      }
    },
    "node_modules/@graphql-typed-document-node/core": {
      "version": "3.2.0",
      "resolved": "https://registry.npmjs.org/@graphql-typed-document-node/core/-/core-3.2.0.tgz",
      "integrity": "sha512-mB9oAsNCm9aM3/SOv4YtBMqZbYj10R7dkq8byBqxGY/ncFwhf2oQzMV+LCRlWoDSEBJ3COiR1yeDvMtsoOsuFQ==",
      "license": "MIT",
      "peerDependencies": {
        "graphql": "^0.8.0 || ^0.9.0 || ^0.10.0 || ^0.11.0 || ^0.12.0 || ^0.13.0 || ^14.0.0 || ^15.0.0 || ^16.0.0 || ^17.0.0"
      }
    },
    "node_modules/@graphql-yoga/logger": {
      "version": "2.0.2",
      "resolved": "https://registry.npmjs.org/@graphql-yoga/logger/-/logger-2.0.2.tgz",
      "integrity": "sha512-k2QGHCcH10O+GGe1sgXn0paaP9GCK91wxkuNQaA4IvXBF/RcdBLaX15UeZLW9kMG8kfz7bL0r4Yu+BXYe0JOaw==",
      "license": "MIT",
      "dependencies": {
        "tslib": "^2.8.1"
      },
      "engines": {
        "node": ">=18.0.0"
      }
    },
    "node_modules/@graphql-yoga/plugin-response-cache": {
      "version": "3.26.1",
      "resolved": "https://registry.npmjs.org/@graphql-yoga/plugin-response-cache/-/plugin-response-cache-3.26.1.tgz",
      "integrity": "sha512-bOlfFfCKSSBN8mEaNejArLmwJ0B4tqJSqZmJqD4wNEEFNZRQ2AeDcbcXm6LNWf72rU3RZiPBbqvhdbhxYw9/vQ==",
      "license": "MIT",
      "dependencies": {
        "@envelop/core": "^5.6.1",
        "@envelop/response-cache": "^9.3.1",
        "@whatwg-node/promise-helpers": "^1.3.2"
      },
      "engines": {
        "node": ">=18.0.0"
      },
      "peerDependencies": {
        "graphql": "^15.2.0 || ^16.0.0 || ^17.0.0",
        "graphql-yoga": "^5.24.1"
      }
    },
    "node_modules/@graphql-yoga/subscription": {
      "version": "5.1.1",
      "resolved": "https://registry.npmjs.org/@graphql-yoga/subscription/-/subscription-5.1.1.tgz",
      "integrity": "sha512-I48DpyPTxYzmO5TwvKOXxiLI/tsbyeYNhb4/6/oJEBn6nlb8snHL0G0Fw1LC2ApNW1QKYuCPRDTp9yUwVBqhNQ==",
      "license": "MIT",
      "dependencies": {
        "@graphql-yoga/typed-event-target": "^3.0.3",
        "@repeaterjs/repeater": "^3.0.4",
        "@whatwg-node/events": "^0.1.0",
        "tslib": "^2.8.1"
      },
      "engines": {
        "node": ">=18.0.0"
      }
    },
    "node_modules/@graphql-yoga/typed-event-target": {
      "version": "3.0.3",
      "resolved": "https://registry.npmjs.org/@graphql-yoga/typed-event-target/-/typed-event-target-3.0.3.tgz",
      "integrity": "sha512-j/EgVfZSzKA2lVeiZ0un8E2eVIqWa9Woyqta4A40ht1M93ui9CDVHU6pmphoQTpFa92BNbMVexXdOtMQk8LCjA==",
      "license": "MIT",
      "dependencies": {
        "@repeaterjs/repeater": "^3.0.4",
        "tslib": "^2.8.1"
      },
      "engines": {
        "node": ">=18.0.0"
      }
    },
    "node_modules/@ioredis/commands": {
      "version": "1.10.0",
      "resolved": "https://registry.npmjs.org/@ioredis/commands/-/commands-1.10.0.tgz",
      "integrity": "sha512-UmeW7z4LfctwoQ5wkhVzgq8tXkreED2xZGpX+Bg+zA+WJFZCT6c062AfCK/Dfk81xZnnwdhJCUMkitihRaoC2Q==",
      "license": "MIT"
    },
    "node_modules/@repeaterjs/repeater": {
      "version": "3.1.0",
      "resolved": "https://registry.npmjs.org/@repeaterjs/repeater/-/repeater-3.1.0.tgz",
      "integrity": "sha512-TaoVksZRSx2KWYYpyLQtMQXXeS98VsgZImzW65xmiVgbYhXLk+aEsmzPLirqVuE4/XuUapH2iMtxUzaBNDzdSQ==",
      "license": "MIT"
    },
    "node_modules/@whatwg-node/disposablestack": {
      "version": "0.0.6",
      "resolved": "https://registry.npmjs.org/@whatwg-node/disposablestack/-/disposablestack-0.0.6.tgz",
      "integrity": "sha512-LOtTn+JgJvX8WfBVJtF08TGrdjuFzGJc4mkP8EdDI8ADbvO7kiexYep1o8dwnt0okb0jYclCDXF13xU7Ge4zSw==",
      "license": "MIT",
      "dependencies": {
        "@whatwg-node/promise-helpers": "^1.0.0",
        "tslib": "^2.6.3"
      },
      "engines": {
        "node": ">=18.0.0"
      }
    },
    "node_modules/@whatwg-node/events": {
      "version": "0.1.2",
      "resolved": "https://registry.npmjs.org/@whatwg-node/events/-/events-0.1.2.tgz",
      "integrity": "sha512-ApcWxkrs1WmEMS2CaLLFUEem/49erT3sxIVjpzU5f6zmVcnijtDSrhoK2zVobOIikZJdH63jdAXOrvjf6eOUNQ==",
      "license": "MIT",
      "dependencies": {
        "tslib": "^2.6.3"
      },
      "engines": {
        "node": ">=18.0.0"
      }
    },
    "node_modules/@whatwg-node/fetch": {
      "version": "0.10.13",
      "resolved": "https://registry.npmjs.org/@whatwg-node/fetch/-/fetch-0.10.13.tgz",
      "integrity": "sha512-b4PhJ+zYj4357zwk4TTuF2nEe0vVtOrwdsrNo5hL+u1ojXNhh1FgJ6pg1jzDlwlT4oBdzfSwaBwMCtFCsIWg8Q==",
      "license": "MIT",
      "dependencies": {
        "@whatwg-node/node-fetch": "^0.8.3",
        "urlpattern-polyfill": "^10.0.0"
      },
      "engines": {
        "node": ">=18.0.0"
      }
    },
    "node_modules/@whatwg-node/node-fetch": {
      "version": "0.8.6",
      "resolved": "https://registry.npmjs.org/@whatwg-node/node-fetch/-/node-fetch-0.8.6.tgz",
      "integrity": "sha512-BDMdYFcerLQkwA2RTldxOqRCs6ZQD1S7UgP3pUdGUkcbgTrP/V5ko77ZkCww9DHmC4lpoYuwigGfQYj285gMvA==",
      "license": "MIT",
      "dependencies": {
        "@fastify/busboy": "^3.1.1",
        "@whatwg-node/disposablestack": "^0.0.6",
        "@whatwg-node/promise-helpers": "^1.3.2",
        "tslib": "^2.6.3"
      },
      "engines": {
        "node": ">=18.0.0"
      }
    },
    "node_modules/@whatwg-node/promise-helpers": {
      "version": "1.3.2",
      "resolved": "https://registry.npmjs.org/@whatwg-node/promise-helpers/-/promise-helpers-1.3.2.tgz",
      "integrity": "sha512-Nst5JdK47VIl9UcGwtv2Rcgyn5lWtZ0/mhRQ4G8NN2isxpq2TO30iqHzmwoJycjWuyUfg3GFXqP/gFHXeV57IA==",
      "license": "MIT",
      "dependencies": {
        "tslib": "^2.6.3"
      },
      "engines": {
        "node": ">=16.0.0"
      }
    },
    "node_modules/@whatwg-node/server": {
      "version": "0.11.0",
      "resolved": "https://registry.npmjs.org/@whatwg-node/server/-/server-0.11.0.tgz",
      "integrity": "sha512-VSdkwnJRr8Yv9UgB2aXB3VUPWwd6Oqnn0hycFwhg9pZgWxJXb7JmhsiXe9tmpMwjHFxli12PGcz9aI63YYloGQ==",
      "license": "MIT",
      "dependencies": {
        "@envelop/instrumentation": "^1.0.0",
        "@whatwg-node/disposablestack": "^0.0.6",
        "@whatwg-node/fetch": "^0.10.13",
        "@whatwg-node/promise-helpers": "^1.3.2",
        "tslib": "^2.6.3"
      },
      "engines": {
        "node": ">=18.0.0"
      }
    },
    "node_modules/cluster-key-slot": {
      "version": "1.1.1",
      "resolved": "https://registry.npmjs.org/cluster-key-slot/-/cluster-key-slot-1.1.1.tgz",
      "integrity": "sha512-rwHwUfXL40Chm1r08yrhU3qpUvdVlgkKNeyeGPOxnW8/SyVDvgRaed/Uz54AqWNaTCAThlj6QAs3TZcKI0xDEw==",
      "license": "Apache-2.0",
      "engines": {
        "node": ">=0.10.0"
      }
    },
    "node_modules/cross-inspect": {
      "version": "1.0.1",
      "resolved": "https://registry.npmjs.org/cross-inspect/-/cross-inspect-1.0.1.tgz",
      "integrity": "sha512-Pcw1JTvZLSJH83iiGWt6fRcT+BjZlCDRVwYLbUcHzv/CRpB7r0MlSrGbIyQvVSNyGnbt7G4AXuyCiDR3POvZ1A==",
      "license": "MIT",
      "dependencies": {
        "tslib": "^2.4.0"
      },
      "engines": {
        "node": ">=16.0.0"
      }
    },
    "node_modules/debug": {
      "version": "4.4.3",
      "resolved": "https://registry.npmjs.org/debug/-/debug-4.4.3.tgz",
      "integrity": "sha512-RGwwWnwQvkVfavKVt22FGLw+xYSdzARwm0ru6DhTVA3umU5hZc28V3kO4stgYryrTlLpuvgI9GiijltAjNbcqA==",
      "license": "MIT",
      "dependencies": {
        "ms": "^2.1.3"
      },
      "engines": {
        "node": ">=6.0"
      },
      "peerDependenciesMeta": {
        "supports-color": {
          "optional": true
        }
      }
    },
    "node_modules/denque": {
      "version": "2.1.0",
      "resolved": "https://registry.npmjs.org/denque/-/denque-2.1.0.tgz",
      "integrity": "sha512-HVQE3AAb/pxF8fQAoiqpvg9i3evqug3hoiwakOyZAwJm+6vZehbkYXZ0l4JxS+I3QxM97v5aaRNhj8v5oBhekw==",
      "license": "Apache-2.0",
      "engines": {
        "node": ">=0.10"
      }
    },
    "node_modules/fast-json-stable-stringify": {
      "version": "2.1.0",
      "resolved": "https://registry.npmjs.org/fast-json-stable-stringify/-/fast-json-stable-stringify-2.1.0.tgz",
      "integrity": "sha512-lhd/wF+Lk98HZoTCtlVraHtfh5XYijIjalXck7saUtuanSDyLMxnHhSXEDJqHxD7msR8D0uCmqlkwjCV8xvwHw==",
      "license": "MIT"
    },
    "node_modules/graphql": {
      "version": "16.14.2",
      "resolved": "https://registry.npmjs.org/graphql/-/graphql-16.14.2.tgz",
      "integrity": "sha512-Chq1s4CY7jmh8gO2qvLIJyfCDIN+EHLFW/9iShnp1z8FjBQMoodWP1kDC36VAMXXIvAjj4ARa7ntfAV2BrjsbA==",
      "license": "MIT",
      "engines": {
        "node": "^12.22.0 || ^14.16.0 || ^16.0.0 || >=17.0.0"
      }
    },
    "node_modules/graphql-tag": {
      "version": "2.12.7",
      "resolved": "https://registry.npmjs.org/graphql-tag/-/graphql-tag-2.12.7.tgz",
      "integrity": "sha512-xnE/NFzy+0eIesvAsREJZ284zTl/wYuBAvpsFSDhRGRdRHdnE90M21Q3xAWyYInb0J756c6x0pIQ62+vtvOs1Q==",
      "license": "MIT",
      "dependencies": {
        "tslib": "^2.1.0"
      },
      "engines": {
        "node": ">=10"
      },
      "peerDependencies": {
        "graphql": "^0.9.0 || ^0.10.0 || ^0.11.0 || ^0.12.0 || ^0.13.0 || ^14.0.0 || ^15.0.0 || ^16.0.0 || ^17.0.0"
      }
    },
    "node_modules/graphql-yoga": {
      "version": "5.24.1",
      "resolved": "https://registry.npmjs.org/graphql-yoga/-/graphql-yoga-5.24.1.tgz",
      "integrity": "sha512-NA2aQ4sZvR/bniCCLOlMG6OSZf5hPg3mUf3Phm33ObqRMZEq6WtZrj2hTcHfT2ZEFVV5FRCbcMb4NB1w7BIKaA==",
      "license": "MIT",
      "dependencies": {
        "@envelop/core": "^5.6.1",
        "@envelop/instrumentation": "^1.0.1",
        "@graphql-tools/executor": "^2.0.0",
        "@graphql-tools/schema": "^10.0.11",
        "@graphql-tools/utils": "^11.2.0",
        "@graphql-yoga/logger": "^2.0.2",
        "@graphql-yoga/subscription": "^5.1.1",
        "@whatwg-node/fetch": "^0.10.6",
        "@whatwg-node/promise-helpers": "^1.3.2",
        "@whatwg-node/server": "^0.11.0",
        "lru-cache": "^10.0.0",
        "tslib": "^2.8.1"
      },
      "engines": {
        "node": ">=18.0.0"
      },
      "peerDependencies": {
        "graphql": "^15.2.0 || ^16.0.0 || ^17.0.0"
      }
    },
    "node_modules/graphql-yoga/node_modules/@graphql-tools/utils": {
      "version": "11.2.2",
      "resolved": "https://registry.npmjs.org/@graphql-tools/utils/-/utils-11.2.2.tgz",
      "integrity": "sha512-Do2A/t6ayqOma8m7PvpYMsCBswL+NB35BQSng4GWSBqafL2/BnfAZy/NSENPwV721Rm2fG0BHETFC0+FJJZmLw==",
      "license": "MIT",
      "dependencies": {
        "@graphql-typed-document-node/core": "^3.1.1",
        "@whatwg-node/promise-helpers": "^1.0.0",
        "cross-inspect": "1.0.1",
        "tslib": "^2.4.0"
      },
      "engines": {
        "node": ">=16.0.0"
      },
      "peerDependencies": {
        "graphql": "^14.0.0 || ^15.0.0 || ^16.0.0 || ^17.0.0"
      }
    },
    "node_modules/graphql-yoga/node_modules/lru-cache": {
      "version": "10.4.3",
      "resolved": "https://registry.npmjs.org/lru-cache/-/lru-cache-10.4.3.tgz",
      "integrity": "sha512-JNAzZcXrCt42VGLuYz0zfAzDfAvJWW6AfYlDBQyDV5DClI2m5sAmK+OIO7s59XfsRsWHp02jAJrRadPRGTt6SQ==",
      "license": "ISC"
    },
    "node_modules/ioredis": {
      "version": "5.11.1",
      "resolved": "https://registry.npmjs.org/ioredis/-/ioredis-5.11.1.tgz",
      "integrity": "sha512-ehuGcf94bQXhfagULNXrJdfnWO38v070jxSx/qE87Kjzmu2fU7ro5EFAb+OPituLqgfyuQaym5DlrNydW2sJ9A==",
      "license": "MIT",
      "dependencies": {
        "@ioredis/commands": "1.10.0",
        "cluster-key-slot": "1.1.1",
        "debug": "4.4.3",
        "denque": "2.1.0",
        "redis-errors": "1.2.0",
        "redis-parser": "3.0.0",
        "standard-as-callback": "2.1.0"
      },
      "engines": {
        "node": ">=12.22.0"
      },
      "funding": {
        "type": "opencollective",
        "url": "https://opencollective.com/ioredis"
      }
    },
    "node_modules/lru-cache": {
      "version": "11.5.3",
      "resolved": "https://registry.npmjs.org/lru-cache/-/lru-cache-11.5.3.tgz",
      "integrity": "sha512-U4N8FgzmWxc8k1VH8Kr6lQg18U7Fjvby6wXHVRX/ZZ7IwWbRMgrRbP0Wrb5q5NVinryp4SQampHKdvtecItxUg==",
      "license": "BlueOak-1.0.0",
      "engines": {
        "node": "20 || >=22"
      }
    },
    "node_modules/ms": {
      "version": "2.1.3",
      "resolved": "https://registry.npmjs.org/ms/-/ms-2.1.3.tgz",
      "integrity": "sha512-6FlzubTLZG3J2a/NVCAleEhjzq5oxgHyaCU9yYXvcLsvoVaHJq/s5xXI6/XXP6tz7R9xAOtHnSO/tXtF3WRTlA==",
      "license": "MIT"
    },
    "node_modules/redis-errors": {
      "version": "1.2.0",
      "resolved": "https://registry.npmjs.org/redis-errors/-/redis-errors-1.2.0.tgz",
      "integrity": "sha512-1qny3OExCf0UvUV/5wpYKf2YwPcOqXzkwKKSmKHiE6ZMQs5heeE/c8eXK+PNllPvmjgAbfnsbpkGZWy8cBpn9w==",
      "license": "MIT",
      "engines": {
        "node": ">=4"
      }
    },
    "node_modules/redis-parser": {
      "version": "3.0.0",
      "resolved": "https://registry.npmjs.org/redis-parser/-/redis-parser-3.0.0.tgz",
      "integrity": "sha512-DJnGAeenTdpMEH6uAJRK/uiyEIH9WVsUmoLwzudwGJUwZPp80PDBWPHXSAGNPwNvIXAbe7MSUB1zQFugFml66A==",
      "license": "MIT",
      "dependencies": {
        "redis-errors": "^1.0.0"
      },
      "engines": {
        "node": ">=4"
      }
    },
    "node_modules/standard-as-callback": {
      "version": "2.1.0",
      "resolved": "https://registry.npmjs.org/standard-as-callback/-/standard-as-callback-2.1.0.tgz",
      "integrity": "sha512-qoRRSyROncaz1z0mvYqIE4lCd9p2R90i6GxW3uZv5ucSu8tU7B5HXUP1gG8pVZsYNVaXjk8ClXHPttLyxAL48A==",
      "license": "MIT"
    },
    "node_modules/tslib": {
      "version": "2.8.1",
      "resolved": "https://registry.npmjs.org/tslib/-/tslib-2.8.1.tgz",
      "integrity": "sha512-oJFu94HQb+KVduSUQL7wnpmqnfmLsOA/nAh6b6EH0wCEoK0/mPeXU6c3wKDV83MkOuHPRHtSXKKU99IBazS/2w==",
      "license": "0BSD"
    },
    "node_modules/urlpattern-polyfill": {
      "version": "10.1.0",
      "resolved": "https://registry.npmjs.org/urlpattern-polyfill/-/urlpattern-polyfill-10.1.0.tgz",
      "integrity": "sha512-IGjKp/o0NL3Bso1PymYURCJxMPNAf/ILOpendP9f5B6e1rTJgdgiOvgfoT8VxCAdY+Wisb9uhGaJJf3yZ2V9nw==",
      "license": "MIT"
    }
  }
}
